
Microsoft Visual Studio Solution File, Format Version 12.00
# Visual Studio Version 17
VisualStudioVersion = 17.8.34330.188
MinimumVisualStudioVersion = 10.0.40219.1
Project("{FAE04EC0-301F-11D3-BF4B-00C04F79EFBC}") = "Snow_fall", "Snow_fall.csproj", "{ACDB3940-8273-4415-982D-6E3758CADBFF}"
EndProject
Global
	GlobalSection(SolutionConfigurationPlatforms) = preSolution
		Debug|Any CPU = Debug|Any CPU
		Release|Any CPU = Release|Any CPU
	EndGlobalSection
	GlobalSection(ProjectConfigurationPlatforms) = postSolution
		{ACDB3940-8273-4415-982D-6E3758CADBFF}.Debug|Any CPU.ActiveCfg = Debug|Any CPU
		{ACDB3940-8273-4415-982D-6E3758CADBFF}.Debug|Any CPU.Build.0 = Debug|Any CPU
		{ACDB3940-8273-4415-982D-6E3758CADBFF}.Release|Any CPU.ActiveCfg = Release|Any CPU
		{ACDB3940-8273-4415-982D-6E3758CADBFF}.Release|Any CPU.Build.0 = Release|Any CPU
	EndGlobalSection
	GlobalSection(SolutionProperties) = preSolution
		HideSolutionNode = FALSE
	EndGlobalSection
	GlobalSection(ExtensibilityGlobals) = postSolution
		SolutionGuid = {26AE66A0-9D96-4255-BCD3-BD53E29F6485}
	EndGlobalSection
EndGlobal
